
Microsoft Visual Studio Solution File, Format Version 12.00
# Visual Studio Version 17
VisualStudioVersion = 17.7.34202.233
MinimumVisualStudioVersion = 10.0.40219.1
Project("{FAE04EC0-301F-11D3-BF4B-00C04F79EFBC}") = "Ex. 3.3 do. . . while", "Ex. 3.3 do. . . while.csproj", "{04F59E71-2B23-4268-81DF-343232263AE1}"
EndProject
Global
	GlobalSection(SolutionConfigurationPlatforms) = preSolution
		Debug|Any CPU = Debug|Any CPU
		Release|Any CPU = Release|Any CPU
	EndGlobalSection
	GlobalSection(ProjectConfigurationPlatforms) = postSolution
		{04F59E71-2B23-4268-81DF-343232263AE1}.Debug|Any CPU.ActiveCfg = Debug|Any CPU
		{04F59E71-2B23-4268-81DF-343232263AE1}.Debug|Any CPU.Build.0 = Debug|Any CPU
		{04F59E71-2B23-4268-81DF-343232263AE1}.Release|Any CPU.ActiveCfg = Release|Any CPU
		{04F59E71-2B23-4268-81DF-343232263AE1}.Release|Any CPU.Build.0 = Release|Any CPU
	EndGlobalSection
	GlobalSection(SolutionProperties) = preSolution
		HideSolutionNode = FALSE
	EndGlobalSection
	GlobalSection(ExtensibilityGlobals) = postSolution
		SolutionGuid = {85DA9AE7-8FFD-4D43-BD15-B323D216DA51}
	EndGlobalSection
EndGlobal
